// !$*UTF8*$!
{
	archiveVersion = 1;
	classes = {
	};
	objectVersion = 50;
	objects = {

/* Begin PBXBuildFile section */
		18FBB08B22BC0F38001E311E /* AppDelegate.swift in Sources */ = {isa = PBXBuildFile; fileRef = 18FBB08A22BC0F38001E311E /* AppDelegate.swift */; };
		18FBB08D22BC0F38001E311E /* ViewController.swift in Sources */ = {isa = PBXBuildFile; fileRef = 18FBB08C22BC0F38001E311E /* ViewController.swift */; };
		18FBB09022BC0F38001E311E /* Main.storyboard in Resources */ = {isa = PBXBuildFile; fileRef = 18FBB08E22BC0F38001E311E /* Main.storyboard */; };
		18FBB09222BC0F3A001E311E /* Assets.xcassets in Resources */ = {isa = PBXBuildFile; fileRef = 18FBB09122BC0F3A001E311E /* Assets.xcassets */; };
		18FBB09522BC0F3A001E311E /* LaunchScreen.storyboard in Resources */ = {isa = PBXBuildFile; fileRef = 18FBB09322BC0F3A001E311E /* LaunchScreen.storyboard */; };
		18FBB0A022BC0F3A001E311E /* Fatemah_s_FeelzTests.swift in Sources */ = {isa = PBXBuildFile; fileRef = 18FBB09F22BC0F3A001E311E /* Fatemah_s_FeelzTests.swift */; };
		18FBB0AB22BC0F3A001E311E /* Fatemah_s_FeelzUITests.swift in Sources */ = {isa = PBXBuildFile; fileRef = 18FBB0AA22BC0F3A001E311E /* Fatemah_s_FeelzUITests.swift */; };
/* End PBXBuildFile section */

/* Begin PBXContainerItemProxy section */
		18FBB09C22BC0F3A001E311E /* PBXContainerItemProxy */ = {
			isa = PBXContainerItemProxy;
			containerPortal = 18FBB07F22BC0F38001E311E /* Project object */;
			proxyType = 1;
			remoteGlobalIDString = 18FBB08622BC0F38001E311E;
			remoteInfo = "Fatemah's Feelz";
		};
		18FBB0A722BC0F3A001E311E /* PBXContainerItemProxy */ = {
			isa = PBXContainerItemProxy;
			containerPortal = 18FBB07F22BC0F38001E311E /* Project object */;
			proxyType = 1;
			remoteGlobalIDString = 18FBB08622BC0F38001E311E;
			remoteInfo = "Fatemah's Feelz";
		};
/* End PBXContainerItemProxy section */

/* Begin PBXFileReference section */
		18FBB08722BC0F38001E311E /* Fatemah's Feelz.app */ = {isa = PBXFileReference; explicitFileType = wrapper.application; includeInIndex = 0; path = "Fatemah's Feelz.app"; sourceTree = BUILT_PRODUCTS_DIR; };
		18FBB08A22BC0F38001E311E /* AppDelegate.swift */ = {isa = PBXFileReference; lastKnownFileType = sourcecode.swift; path = AppDelegate.swift; sourceTree = "<group>"; };
		18FBB08C22BC0F38001E311E /* ViewController.swift */ = {isa = PBXFileReference; lastKnownFileType = sourcecode.swift; path = ViewController.swift; sourceTree = "<group>"; };
		18FBB08F22BC0F38001E311E /* Base */ = {isa = PBXFileReference; lastKnownFileType = file.storyboard; name = Base; path = Base.lproj/Main.storyboard; sourceTree = "<group>"; };
		18FBB09122BC0F3A001E311E /* Assets.xcassets */ = {isa = PBXFileReference; lastKnownFileType = folder.assetcatalog; path = Assets.xcassets; sourceTree = "<group>"; };
		18FBB09422BC0F3A001E311E /* Base */ = {isa = PBXFileReference; lastKnownFileType = file.storyboard; name = Base; path = Base.lproj/LaunchScreen.storyboard; sourceTree = "<group>"; };
		18FBB09622BC0F3A001E311E /* Info.plist */ = {isa = PBXFileReference; lastKnownFileType = text.plist.xml; path = Info.plist; sourceTree = "<group>"; };
		18FBB09B22BC0F3A001E311E /* Fatemah's FeelzTests.xctest */ = {isa = PBXFileReference; explicitFileType = wrapper.cfbundle; includeInIndex = 0; path = "Fatemah's FeelzTests.xctest"; sourceTree = BUILT_PRODUCTS_DIR; };
		18FBB09F22BC0F3A001E311E /* Fatemah_s_FeelzTests.swift */ = {isa = PBXFileReference; lastKnownFileType = sourcecode.swift; path = Fatemah_s_FeelzTests.swift; sourceTree = "<group>"; };
		18FBB0A122BC0F3A001E311E /* Info.plist */ = {isa = PBXFileReference; lastKnownFileType = text.plist.xml; path = Info.plist; sourceTree = "<group>"; };
		18FBB0A622BC0F3A001E311E /* Fatemah's FeelzUITests.xctest */ = {isa = PBXFileReference; explicitFileType = wrapper.cfbundle; includeInIndex = 0; path = "Fatemah's FeelzUITests.xctest"; sourceTree = BUILT_PRODUCTS_DIR; };
		18FBB0AA22BC0F3A001E311E /* Fatemah_s_FeelzUITests.swift */ = {isa = PBXFileReference; lastKnownFileType = sourcecode.swift; path = Fatemah_s_FeelzUITests.swift; sourceTree = "<group>"; };
		18FBB0AC22BC0F3A001E311E /* Info.plist */ = {isa = PBXFileReference; lastKnownFileType = text.plist.xml; path = Info.plist; sourceTree = "<group>"; };
/* End PBXFileReference section */

/* Begin PBXFrameworksBuildPhase section */
		18FBB08422BC0F38001E311E /* Frameworks */ = {
			isa = PBXFrameworksBuildPhase;
			buildActionMask = 2147483647;
			files = (
			);
			runOnlyForDeploymentPostprocessing = 0;
		};
		18FBB09822BC0F3A001E311E /* Frameworks */ = {
			isa = PBXFrameworksBuildPhase;
			buildActionMask = 2147483647;
			files = (
			);
			runOnlyForDeploymentPostprocessing = 0;
		};
		18FBB0A322BC0F3A001E311E /* Frameworks */ = {
			isa = PBXFrameworksBuildPhase;
			buildActionMask = 2147483647;
			files = (
			);
			runOnlyForDeploymentPostprocessing = 0;
		};
/* End PBXFrameworksBuildPhase section */

/* Begin PBXGroup section */
		18FBB07E22BC0F38001E311E = {
			isa = PBXGroup;
			children = (
				18FBB08922BC0F38001E311E /* Fatemah's Feelz */,
				18FBB09E22BC0F3A001E311E /* Fatemah's FeelzTests */,
				18FBB0A922BC0F3A001E311E /* Fatemah's FeelzUITests */,
				18FBB08822BC0F38001E311E /* Products */,
			);
			sourceTree = "<group>";
		};
		18FBB08822BC0F38001E311E /* Products */ = {
			isa = PBXGroup;
			children = (
				18FBB08722BC0F38001E311E /* Fatemah's Feelz.app */,
				18FBB09B22BC0F3A001E311E /* Fatemah's FeelzTests.xctest */,
				18FBB0A622BC0F3A001E311E /* Fatemah's FeelzUITests.xctest */,
			);
			name = Products;
			sourceTree = "<group>";
		};
		18FBB08922BC0F38001E311E /* Fatemah's Feelz */ = {
			isa = PBXGroup;
			children = (
				18FBB08A22BC0F38001E311E /* AppDelegate.swift */,
				18FBB08C22BC0F38001E311E /* ViewController.swift */,
				18FBB08E22BC0F38001E311E /* Main.storyboard */,
				18FBB09122BC0F3A001E311E /* Assets.xcassets */,
				18FBB09322BC0F3A001E311E /* LaunchScreen.storyboard */,
				18FBB09622BC0F3A001E311E /* Info.plist */,
			);
			path = "Fatemah's Feelz";
			sourceTree = "<group>";
		};
		18FBB09E22BC0F3A001E311E /* Fatemah's FeelzTests */ = {
			isa = PBXGroup;
			children = (
				18FBB09F22BC0F3A001E311E /* Fatemah_s_FeelzTests.swift */,
				18FBB0A122BC0F3A001E311E /* Info.plist */,
			);
			path = "Fatemah's FeelzTests";
			sourceTree = "<group>";
		};
		18FBB0A922BC0F3A001E311E /* Fatemah's FeelzUITests */ = {
			isa = PBXGroup;
			children = (
				18FBB0AA22BC0F3A001E311E /* Fatemah_s_FeelzUITests.swift */,
				18FBB0AC22BC0F3A001E311E /* Info.plist */,
			);
			path = "Fatemah's FeelzUITests";
			sourceTree = "<group>";
		};
/* End PBXGroup section */

/* Begin PBXNativeTarget section */
		18FBB08622BC0F38001E311E /* Fatemah's Feelz */ = {
			isa = PBXNativeTarget;
			buildConfigurationList = 18FBB0AF22BC0F3A001E311E /* Build configuration list for PBXNativeTarget "Fatemah's Feelz" */;
			buildPhases = (
				18FBB08322BC0F38001E311E /* Sources */,
				18FBB08422BC0F38001E311E /* Frameworks */,
				18FBB08522BC0F38001E311E /* Resources */,
			);
			buildRules = (
			);
			dependencies = (
			);
			name = "Fatemah's Feelz";
			productName = "Fatemah's Feelz";
			productReference = 18FBB08722BC0F38001E311E /* Fatemah's Feelz.app */;
			productType = "com.apple.product-type.application";
		};
		18FBB09A22BC0F3A001E311E /* Fatemah's FeelzTests */ = {
			isa = PBXNativeTarget;
			buildConfigurationList = 18FBB0B222BC0F3A001E311E /* Build configuration list for PBXNativeTarget "Fatemah's FeelzTests" */;
			buildPhases = (
				18FBB09722BC0F3A001E311E /* Sources */,
				18FBB09822BC0F3A001E311E /* Frameworks */,
				18FBB09922BC0F3A001E311E /* Resources */,
			);
			buildRules = (
			);
			dependencies = (
				18FBB09D22BC0F3A001E311E /* PBXTargetDependency */,
			);
			name = "Fatemah's FeelzTests";
			productName = "Fatemah's FeelzTests";
			productReference = 18FBB09B22BC0F3A001E311E /* Fatemah's FeelzTests.xctest */;
			productType = "com.apple.product-type.bundle.unit-test";
		};
		18FBB0A522BC0F3A001E311E /* Fatemah's FeelzUITests */ = {
			isa = PBXNativeTarget;
			buildConfigurationList = 18FBB0B522BC0F3A001E311E /* Build configuration list for PBXNativeTarget "Fatemah's FeelzUITests" */;
			buildPhases = (
				18FBB0A222BC0F3A001E311E /* Sources */,
				18FBB0A322BC0F3A001E311E /* Frameworks */,
				18FBB0A422BC0F3A001E311E /* Resources */,
			);
			buildRules = (
			);
			dependencies = (
				18FBB0A822BC0F3A001E311E /* PBXTargetDependency */,
			);
			name = "Fatemah's FeelzUITests";
			productName = "Fatemah's FeelzUITests";
			productReference = 18FBB0A622BC0F3A001E311E /* Fatemah's FeelzUITests.xctest */;
			productType = "com.apple.product-type.bundle.ui-testing";
		};
/* End PBXNativeTarget section */

/* Begin PBXProject section */
		18FBB07F22BC0F38001E311E /* Project object */ = {
			isa = PBXProject;
			attributes = {
				LastSwiftUpdateCheck = 1020;
				LastUpgradeCheck = 1020;
				ORGANIZATIONNAME = Apple;
				TargetAttributes = {
					18FBB08622BC0F38001E311E = {
						CreatedOnToolsVersion = 10.2.1;
					};
					18FBB09A22BC0F3A001E311E = {
						CreatedOnToolsVersion = 10.2.1;
						TestTargetID = 18FBB08622BC0F38001E311E;
					};
					18FBB0A522BC0F3A001E311E = {
						CreatedOnToolsVersion = 10.2.1;
						TestTargetID = 18FBB08622BC0F38001E311E;
					};
				};
			};
			buildConfigurationList = 18FBB08222BC0F38001E311E /* Build configuration list for PBXProject "Fatemah's Feelz" */;
			compatibilityVersion = "Xcode 9.3";
			developmentRegion = en;
			hasScannedForEncodings = 0;
			knownRegions = (
				en,
				Base,
			);
			mainGroup = 18FBB07E22BC0F38001E311E;
			productRefGroup = 18FBB08822BC0F38001E311E /* Products */;
			projectDirPath = "";
			projectRoot = "";
			targets = (
				18FBB08622BC0F38001E311E /* Fatemah's Feelz */,
				18FBB09A22BC0F3A001E311E /* Fatemah's FeelzTests */,
				18FBB0A522BC0F3A001E311E /* Fatemah's FeelzUITests */,
			);
		};
/* End PBXProject section */

/* Begin PBXResourcesBuildPhase section */
		18FBB08522BC0F38001E311E /* Resources */ = {
			isa = PBXResourcesBuildPhase;
			buildActionMask = 2147483647;
			files = (
				18FBB09522BC0F3A001E311E /* LaunchScreen.storyboard in Resources */,
				18FBB09222BC0F3A001E311E /* Assets.xcassets in Resources */,
				18FBB09022BC0F38001E311E /* Main.storyboard in Resources */,
			);
			runOnlyForDeploymentPostprocessing = 0;
		};
		18FBB09922BC0F3A001E311E /* Resources */ = {
			isa = PBXResourcesBuildPhase;
			buildActionMask = 2147483647;
			files = (
			);
			runOnlyForDeploymentPostprocessing = 0;
		};
		18FBB0A422BC0F3A001E311E /* Resources */ = {
			isa = PBXResourcesBuildPhase;
			buildActionMask = 2147483647;
			files = (
			);
			runOnlyForDeploymentPostprocessing = 0;
		};
/* End PBXResourcesBuildPhase section */

/* Begin PBXSourcesBuildPhase section */
		18FBB08322BC0F38001E311E /* Sources */ = {
			isa = PBXSourcesBuildPhase;
			buildActionMask = 2147483647;
			files = (
				18FBB08D22BC0F38001E311E /* ViewController.swift in Sources */,
				18FBB08B22BC0F38001E311E /* AppDelegate.swift in Sources */,
			);
			runOnlyForDeploymentPostprocessing = 0;
		};
		18FBB09722BC0F3A001E311E /* Sources */ = {
			isa = PBXSourcesBuildPhase;
			buildActionMask = 2147483647;
			files = (
				18FBB0A022BC0F3A001E311E /* Fatemah_s_FeelzTests.swift in Sources */,
			);
			runOnlyForDeploymentPostprocessing = 0;
		};
		18FBB0A222BC0F3A001E311E /* Sources */ = {
			isa = PBXSourcesBuildPhase;
			buildActionMask = 2147483647;
			files = (
				18FBB0AB22BC0F3A001E311E /* Fatemah_s_FeelzUITests.swift in Sources */,
			);
			runOnlyForDeploymentPostprocessing = 0;
		};
/* End PBXSourcesBuildPhase section */

/* Begin PBXTargetDependency section */
		18FBB09D22BC0F3A001E311E /* PBXTargetDependency */ = {
			isa = PBXTargetDependency;
			target = 18FBB08622BC0F38001E311E /* Fatemah's Feelz */;
			targetProxy = 18FBB09C22BC0F3A001E311E /* PBXContainerItemProxy */;
		};
		18FBB0A822BC0F3A001E311E /* PBXTargetDependency */ = {
			isa = PBXTargetDependency;
			target = 18FBB08622BC0F38001E311E /* Fatemah's Feelz */;
			targetProxy = 18FBB0A722BC0F3A001E311E /* PBXContainerItemProxy */;
		};
/* End PBXTargetDependency section */

/* Begin PBXVariantGroup section */
		18FBB08E22BC0F38001E311E /* Main.storyboard */ = {
			isa = PBXVariantGroup;
			children = (
				18FBB08F22BC0F38001E311E /* Base */,
			);
			name = Main.storyboard;
			sourceTree = "<group>";
		};
		18FBB09322BC0F3A001E311E /* LaunchScreen.storyboard */ = {
			isa = PBXVariantGroup;
			children = (
				18FBB09422BC0F3A001E311E /* Base */,
			);
			name = LaunchScreen.storyboard;
			sourceTree = "<group>";
		};
/* End PBXVariantGroup section */

/* Begin XCBuildConfiguration section */
		18FBB0AD22BC0F3A001E311E /* Debug */ = {
			isa = XCBuildConfiguration;
			buildSettings = {
				ALWAYS_SEARCH_USER_PATHS = NO;
				CLANG_ANALYZER_NONNULL = YES;
				CLANG_ANALYZER_NUMBER_OBJECT_CONVERSION = YES_AGGRESSIVE;
				CLANG_CXX_LANGUAGE_STANDARD = "gnu++14";
				CLANG_CXX_LIBRARY = "libc++";
				CLANG_ENABLE_MODULES = YES;
				CLANG_ENABLE_OBJC_ARC = YES;
				CLANG_ENABLE_OBJC_WEAK = YES;
				CLANG_WARN_BLOCK_CAPTURE_AUTORELEASING = YES;
				CLANG_WARN_BOOL_CONVERSION = YES;
				CLANG_WARN_COMMA = YES;
				CLANG_WARN_CONSTANT_CONVERSION = YES;
				CLANG_WARN_DEPRECATED_OBJC_IMPLEMENTATIONS = YES;
				CLANG_WARN_DIRECT_OBJC_ISA_USAGE = YES_ERROR;
				CLANG_WARN_DOCUMENTATION_COMMENTS = YES;
				CLANG_WARN_EMPTY_BODY = YES;
				CLANG_WARN_ENUM_CONVERSION = YES;
				CLANG_WARN_INFINITE_RECURSION = YES;
				CLANG_WARN_INT_CONVERSION = YES;
				CLANG_WARN_NON_LITERAL_NULL_CONVERSION = YES;
				CLANG_WARN_OBJC_IMPLICIT_RETAIN_SELF = YES;
				CLANG_WARN_OBJC_LITERAL_CONVERSION = YES;
				CLANG_WARN_OBJC_ROOT_CLASS = YES_ERROR;
				CLANG_WARN_RANGE_LOOP_ANALYSIS = YES;
				CLANG_WARN_STRICT_PROTOTYPES = YES;
				CLANG_WARN_SUSPICIOUS_MOVE = YES;
				CLANG_WARN_UNGUARDED_AVAILABILITY = YES_AGGRESSIVE;
				CLANG_WARN_UNREACHABLE_CODE = YES;
				CLANG_WARN__DUPLICATE_METHOD_MATCH = YES;
				CODE_SIGN_IDENTITY = "iPhone Developer";
				COPY_PHASE_STRIP = NO;
				DEBUG_INFORMATION_FORMAT = dwarf;
				ENABLE_STRICT_OBJC_MSGSEND = YES;
				ENABLE_TESTABILITY = YES;
				GCC_C_LANGUAGE_STANDARD = gnu11;
				GCC_DYNAMIC_NO_PIC = NO;
				GCC_NO_COMMON_BLOCKS = YES;
				GCC_OPTIMIZATION_LEVEL = 0;
				GCC_PREPROCESSOR_DEFINITIONS = (
					"DEBUG=1",
					"$(inherited)",
				);
				GCC_WARN_64_TO_32_BIT_CONVERSION = YES;
				GCC_WARN_ABOUT_RETURN_TYPE = YES_ERROR;
				GCC_WARN_UNDECLARED_SELECTOR = YES;
				GCC_WARN_UNINITIALIZED_AUTOS = YES_AGGRESSIVE;
				GCC_WARN_UNUSED_FUNCTION = YES;
				GCC_WARN_UNUSED_VARIABLE = YES;
				IPHONEOS_DEPLOYMENT_TARGET = 12.2;
				MTL_ENABLE_DEBUG_INFO = INCLUDE_SOURCE;
				MTL_FAST_MATH = YES;
				ONLY_ACTIVE_ARCH = YES;
				SDKROOT = iphoneos;
				SWIFT_ACTIVE_COMPILATION_CONDITIONS = DEBUG;
				SWIFT_OPTIMIZATION_LEVEL = "-Onone";
			};
			name = Debug;
		};
		18FBB0AE22BC0F3A001E311E /* Release */ = {
			isa = XCBuildConfiguration;
			buildSettings = {
				ALWAYS_SEARCH_USER_PATHS = NO;
				CLANG_ANALYZER_NONNULL = YES;
				CLANG_ANALYZER_NUMBER_OBJECT_CONVERSION = YES_AGGRESSIVE;
				CLANG_CXX_LANGUAGE_STANDARD = "gnu++14";
				CLANG_CXX_LIBRARY = "libc++";
				CLANG_ENABLE_MODULES = YES;
				CLANG_ENABLE_OBJC_ARC = YES;
				CLANG_ENABLE_OBJC_WEAK = YES;
				CLANG_WARN_BLOCK_CAPTURE_AUTORELEASING = YES;
				CLANG_WARN_BOOL_CONVERSION = YES;
				CLANG_WARN_COMMA = YES;
				CLANG_WARN_CONSTANT_CONVERSION = YES;
				CLANG_WARN_DEPRECATED_OBJC_IMPLEMENTATIONS = YES;
				CLANG_WARN_DIRECT_OBJC_ISA_USAGE = YES_ERROR;
				CLANG_WARN_DOCUMENTATION_COMMENTS = YES;
				CLANG_WARN_EMPTY_BODY = YES;
				CLANG_WARN_ENUM_CONVERSION = YES;
				CLANG_WARN_INFINITE_RECURSION = YES;
				CLANG_WARN_INT_CONVERSION = YES;
				CLANG_WARN_NON_LITERAL_NULL_CONVERSION = YES;
				CLANG_WARN_OBJC_IMPLICIT_RETAIN_SELF = YES;
				CLANG_WARN_OBJC_LITERAL_CONVERSION = YES;
				CLANG_WARN_OBJC_ROOT_CLASS = YES_ERROR;
				CLANG_WARN_RANGE_LOOP_ANALYSIS = YES;
				CLANG_WARN_STRICT_PROTOTYPES = YES;
				CLANG_WARN_SUSPICIOUS_MOVE = YES;
				CLANG_WARN_UNGUARDED_AVAILABILITY = YES_AGGRESSIVE;
				CLANG_WARN_UNREACHABLE_CODE = YES;
				CLANG_WARN__DUPLICATE_METHOD_MATCH = YES;
				CODE_SIGN_IDENTITY = "iPhone Developer";
				COPY_PHASE_STRIP = NO;
				DEBUG_INFORMATION_FORMAT = "dwarf-with-dsym";
				ENABLE_NS_ASSERTIONS = NO;
				ENABLE_STRICT_OBJC_MSGSEND = YES;
				GCC_C_LANGUAGE_STANDARD = gnu11;
				GCC_NO_COMMON_BLOCKS = YES;
				GCC_WARN_64_TO_32_BIT_CONVERSION = YES;
				GCC_WARN_ABOUT_RETURN_TYPE = YES_ERROR;
				GCC_WARN_UNDECLARED_SELECTOR = YES;
				GCC_WARN_UNINITIALIZED_AUTOS = YES_AGGRESSIVE;
				GCC_WARN_UNUSED_FUNCTION = YES;
				GCC_WARN_UNUSED_VARIABLE = YES;
				IPHONEOS_DEPLOYMENT_TARGET = 12.2;
				MTL_ENABLE_DEBUG_INFO = NO;
				MTL_FAST_MATH = YES;
				SDKROOT = iphoneos;
				SWIFT_COMPILATION_MODE = wholemodule;
				SWIFT_OPTIMIZATION_LEVEL = "-O";
				VALIDATE_PRODUCT = YES;
			};
			name = Release;
		};
		18FBB0B022BC0F3A001E311E /* Debug */ = {
			isa = XCBuildConfiguration;
			buildSettings = {
				ASSETCATALOG_COMPILER_APPICON_NAME = AppIcon;
				CODE_SIGN_STYLE = Automatic;
				INFOPLIST_FILE = "Fatemah's Feelz/Info.plist";
				LD_RUNPATH_SEARCH_PATHS = (
					"$(inherited)",
					"@executable_path/Frameworks",
				);
				PRODUCT_BUNDLE_IDENTIFIER = "kwk.Fatemah-s-Feelz";
				PRODUCT_NAME = "$(TARGET_NAME)";
				SWIFT_VERSION = 5.0;
				TARGETED_DEVICE_FAMILY = "1,2";
			};
			name = Debug;
		};
		18FBB0B122BC0F3A001E311E /* Release */ = {
			isa = XCBuildConfiguration;
			buildSettings = {
				ASSETCATALOG_COMPILER_APPICON_NAME = AppIcon;
				CODE_SIGN_STYLE = Automatic;
				INFOPLIST_FILE = "Fatemah's Feelz/Info.plist";
				LD_RUNPATH_SEARCH_PATHS = (
					"$(inherited)",
					"@executable_path/Frameworks",
				);
				PRODUCT_BUNDLE_IDENTIFIER = "kwk.Fatemah-s-Feelz";
				PRODUCT_NAME = "$(TARGET_NAME)";
				SWIFT_VERSION = 5.0;
				TARGETED_DEVICE_FAMILY = "1,2";
			};
			name = Release;
		};
		18FBB0B322BC0F3A001E311E /* Debug */ = {
			isa = XCBuildConfiguration;
			buildSettings = {
				ALWAYS_EMBED_SWIFT_STANDARD_LIBRARIES = YES;
				BUNDLE_LOADER = "$(TEST_HOST)";
				CODE_SIGN_STYLE = Automatic;
				INFOPLIST_FILE = "Fatemah's FeelzTests/Info.plist";
				LD_RUNPATH_SEARCH_PATHS = (
					"$(inherited)",
					"@executable_path/Frameworks",
					"@loader_path/Frameworks",
				);
				PRODUCT_BUNDLE_IDENTIFIER = "kwk.Fatemah-s-FeelzTests";
				PRODUCT_NAME = "$(TARGET_NAME)";
				SWIFT_VERSION = 5.0;
				TARGETED_DEVICE_FAMILY = "1,2";
				TEST_HOST = "$(BUILT_PRODUCTS_DIR)/Fatemah's Feelz.app/Fatemah's Feelz";
			};
			name = Debug;
		};
		18FBB0B422BC0F3A001E311E /* Release */ = {
			isa = XCBuildConfiguration;
			buildSettings = {
				ALWAYS_EMBED_SWIFT_STANDARD_LIBRARIES = YES;
				BUNDLE_LOADER = "$(TEST_HOST)";
				CODE_SIGN_STYLE = Automatic;
				INFOPLIST_FILE = "Fatemah's FeelzTests/Info.plist";
				LD_RUNPATH_SEARCH_PATHS = (
					"$(inherited)",
					"@executable_path/Frameworks",
					"@loader_path/Frameworks",
				);
				PRODUCT_BUNDLE_IDENTIFIER = "kwk.Fatemah-s-FeelzTests";
				PRODUCT_NAME = "$(TARGET_NAME)";
				SWIFT_VERSION = 5.0;
				TARGETED_DEVICE_FAMILY = "1,2";
				TEST_HOST = "$(BUILT_PRODUCTS_DIR)/Fatemah's Feelz.app/Fatemah's Feelz";
			};
			name = Release;
		};
		18FBB0B622BC0F3A001E311E /* Debug */ = {
			isa = XCBuildConfiguration;
			buildSettings = {
				ALWAYS_EMBED_SWIFT_STANDARD_LIBRARIES = YES;
				CODE_SIGN_STYLE = Automatic;
				INFOPLIST_FILE = "Fatemah's FeelzUITests/Info.plist";
				LD_RUNPATH_SEARCH_PATHS = (
					"$(inherited)",
					"@executable_path/Frameworks",
					"@loader_path/Frameworks",
				);
				PRODUCT_BUNDLE_IDENTIFIER = "kwk.Fatemah-s-FeelzUITests";
				PRODUCT_NAME = "$(TARGET_NAME)";
				SWIFT_VERSION = 5.0;
				TARGETED_DEVICE_FAMILY = "1,2";
				TEST_TARGET_NAME = "Fatemah's Feelz";
			};
			name = Debug;
		};
		18FBB0B722BC0F3A001E311E /* Release */ = {
			isa = XCBuildConfiguration;
			buildSettings = {
				ALWAYS_EMBED_SWIFT_STANDARD_LIBRARIES = YES;
				CODE_SIGN_STYLE = Automatic;
				INFOPLIST_FILE = "Fatemah's FeelzUITests/Info.plist";
				LD_RUNPATH_SEARCH_PATHS = (
					"$(inherited)",
					"@executable_path/Frameworks",
					"@loader_path/Frameworks",
				);
				PRODUCT_BUNDLE_IDENTIFIER = "kwk.Fatemah-s-FeelzUITests";
				PRODUCT_NAME = "$(TARGET_NAME)";
				SWIFT_VERSION = 5.0;
				TARGETED_DEVICE_FAMILY = "1,2";
				TEST_TARGET_NAME = "Fatemah's Feelz";
			};
			name = Release;
		};
/* End XCBuildConfiguration section */

/* Begin XCConfigurationList section */
		18FBB08222BC0F38001E311E /* Build configuration list for PBXProject "Fatemah's Feelz" */ = {
			isa = XCConfigurationList;
			buildConfigurations = (
				18FBB0AD22BC0F3A001E311E /* Debug */,
				18FBB0AE22BC0F3A001E311E /* Release */,
			);
			defaultConfigurationIsVisible = 0;
			defaultConfigurationName = Release;
		};
		18FBB0AF22BC0F3A001E311E /* Build configuration list for PBXNativeTarget "Fatemah's Feelz" */ = {
			isa = XCConfigurationList;
			buildConfigurations = (
				18FBB0B022BC0F3A001E311E /* Debug */,
				18FBB0B122BC0F3A001E311E /* Release */,
			);
			defaultConfigurationIsVisible = 0;
			defaultConfigurationName = Release;
		};
		18FBB0B222BC0F3A001E311E /* Build configuration list for PBXNativeTarget "Fatemah's FeelzTests" */ = {
			isa = XCConfigurationList;
			buildConfigurations = (
				18FBB0B322BC0F3A001E311E /* Debug */,
				18FBB0B422BC0F3A001E311E /* Release */,
			);
			defaultConfigurationIsVisible = 0;
			defaultConfigurationName = Release;
		};
		18FBB0B522BC0F3A001E311E /* Build configuration list for PBXNativeTarget "Fatemah's FeelzUITests" */ = {
			isa = XCConfigurationList;
			buildConfigurations = (
				18FBB0B622BC0F3A001E311E /* Debug */,
				18FBB0B722BC0F3A001E311E /* Release */,
			);
			defaultConfigurationIsVisible = 0;
			defaultConfigurationName = Release;
		};
/* End XCConfigurationList section */
	};
	rootObject = 18FBB07F22BC0F38001E311E /* Project object */;
}
